
Microsoft Visual Studio Solution File, Format Version 12.00
# Visual Studio 15
VisualStudioVersion = 15.0.28010.2050
MinimumVisualStudioVersion = 10.0.40219.1
Project("{FAE04EC0-301F-11D3-BF4B-00C04F79EFBC}") = "AdapterTest", "AdapterTest\AdapterTest.csproj", "{974F9F36-EACC-4A9C-9D6B-6ABEF79B5AD2}"
EndProject
Project("{FAE04EC0-301F-11D3-BF4B-00C04F79EFBC}") = "StreamTest", "StreamTest\StreamTest.csproj", "{75E73B15-6B50-4FD5-808A-0E542AC04F7F}"
EndProject
Project("{FAE04EC0-301F-11D3-BF4B-00C04F79EFBC}") = "Exercicio1", "Exercicio1\Exercicio1.csproj", "{C77B3D43-108B-44F5-8FFF-B57753562891}"
EndProject
Project("{FAE04EC0-301F-11D3-BF4B-00C04F79EFBC}") = "Exercicio2", "Exercicio2\Exercicio2.csproj", "{268902DB-A9D0-4C15-9875-3F0552CE3EF2}"
EndProject
Project("{FAE04EC0-301F-11D3-BF4B-00C04F79EFBC}") = "Exercicio3", "Exercicio3\Exercicio3.csproj", "{80235300-1732-490E-A6EB-551E85A74DB6}"
EndProject
Project("{FAE04EC0-301F-11D3-BF4B-00C04F79EFBC}") = "Exercicio4", "Exercicio4\Exercicio4.csproj", "{6BBB7102-0312-4C4F-A080-FC23D2D305CF}"
EndProject
Global
	GlobalSection(SolutionConfigurationPlatforms) = preSolution
		Debug|Any CPU = Debug|Any CPU
		Release|Any CPU = Release|Any CPU
	EndGlobalSection
	GlobalSection(ProjectConfigurationPlatforms) = postSolution
		{974F9F36-EACC-4A9C-9D6B-6ABEF79B5AD2}.Debug|Any CPU.ActiveCfg = Debug|Any CPU
		{974F9F36-EACC-4A9C-9D6B-6ABEF79B5AD2}.Debug|Any CPU.Build.0 = Debug|Any CPU
		{974F9F36-EACC-4A9C-9D6B-6ABEF79B5AD2}.Release|Any CPU.ActiveCfg = Release|Any CPU
		{974F9F36-EACC-4A9C-9D6B-6ABEF79B5AD2}.Release|Any CPU.Build.0 = Release|Any CPU
		{75E73B15-6B50-4FD5-808A-0E542AC04F7F}.Debug|Any CPU.ActiveCfg = Debug|Any CPU
		{75E73B15-6B50-4FD5-808A-0E542AC04F7F}.Debug|Any CPU.Build.0 = Debug|Any CPU
		{75E73B15-6B50-4FD5-808A-0E542AC04F7F}.Release|Any CPU.ActiveCfg = Release|Any CPU
		{75E73B15-6B50-4FD5-808A-0E542AC04F7F}.Release|Any CPU.Build.0 = Release|Any CPU
		{C77B3D43-108B-44F5-8FFF-B57753562891}.Debug|Any CPU.ActiveCfg = Debug|Any CPU
		{C77B3D43-108B-44F5-8FFF-B57753562891}.Debug|Any CPU.Build.0 = Debug|Any CPU
		{C77B3D43-108B-44F5-8FFF-B57753562891}.Release|Any CPU.ActiveCfg = Release|Any CPU
		{C77B3D43-108B-44F5-8FFF-B57753562891}.Release|Any CPU.Build.0 = Release|Any CPU
		{268902DB-A9D0-4C15-9875-3F0552CE3EF2}.Debug|Any CPU.ActiveCfg = Debug|Any CPU
		{268902DB-A9D0-4C15-9875-3F0552CE3EF2}.Debug|Any CPU.Build.0 = Debug|Any CPU
		{268902DB-A9D0-4C15-9875-3F0552CE3EF2}.Release|Any CPU.ActiveCfg = Release|Any CPU
		{268902DB-A9D0-4C15-9875-3F0552CE3EF2}.Release|Any CPU.Build.0 = Release|Any CPU
		{80235300-1732-490E-A6EB-551E85A74DB6}.Debug|Any CPU.ActiveCfg = Debug|Any CPU
		{80235300-1732-490E-A6EB-551E85A74DB6}.Debug|Any CPU.Build.0 = Debug|Any CPU
		{80235300-1732-490E-A6EB-551E85A74DB6}.Release|Any CPU.ActiveCfg = Release|Any CPU
		{80235300-1732-490E-A6EB-551E85A74DB6}.Release|Any CPU.Build.0 = Release|Any CPU
		{6BBB7102-0312-4C4F-A080-FC23D2D305CF}.Debug|Any CPU.ActiveCfg = Debug|Any CPU
		{6BBB7102-0312-4C4F-A080-FC23D2D305CF}.Debug|Any CPU.Build.0 = Debug|Any CPU
		{6BBB7102-0312-4C4F-A080-FC23D2D305CF}.Release|Any CPU.ActiveCfg = Release|Any CPU
		{6BBB7102-0312-4C4F-A080-FC23D2D305CF}.Release|Any CPU.Build.0 = Release|Any CPU
	EndGlobalSection
	GlobalSection(SolutionProperties) = preSolution
		HideSolutionNode = FALSE
	EndGlobalSection
	GlobalSection(ExtensibilityGlobals) = postSolution
		SolutionGuid = {37953913-64BB-4B6A-8E0D-7D7841A15CAE}
	EndGlobalSection
EndGlobal
