
Microsoft Visual Studio Solution File, Format Version 12.00
# Visual Studio 15
VisualStudioVersion = 15.0.27428.2027
MinimumVisualStudioVersion = 10.0.40219.1
Project("{FAE04EC0-301F-11D3-BF4B-00C04F79EFBC}") = "ClassVsStruct", "ClassVsStruct\ClassVsStruct.csproj", "{BB6895FF-D2C2-4A9C-AFA7-CD3D8AD38839}"
EndProject
Project("{FAE04EC0-301F-11D3-BF4B-00C04F79EFBC}") = "StructWithRef", "StructFieldsRef\StructWithRef.csproj", "{690CDEDC-BCA4-43C1-8889-6747C6EFDCE1}"
EndProject
Project("{FAE04EC0-301F-11D3-BF4B-00C04F79EFBC}") = "TuplesTest", "TuplesTest\TuplesTest.csproj", "{2B0E5319-6C80-450F-A770-229FA34964D0}"
EndProject
Project("{FAE04EC0-301F-11D3-BF4B-00C04F79EFBC}") = "Exercicio5", "Exercicio5\Exercicio5.csproj", "{9FCF3F02-52B8-43DD-8A35-27A45600C1AC}"
EndProject
Project("{FAE04EC0-301F-11D3-BF4B-00C04F79EFBC}") = "Exercicio10", "Exercicio10\Exercicio10.csproj", "{E60B623E-1FE7-4395-B7FE-EFBC122B37CA}"
EndProject
Project("{FAE04EC0-301F-11D3-BF4B-00C04F79EFBC}") = "Exercicio11", "Exercicio11\Exercicio11.csproj", "{2D5B5D53-A36E-433A-A259-E21DCDC24315}"
EndProject
Global
	GlobalSection(SolutionConfigurationPlatforms) = preSolution
		Debug|Any CPU = Debug|Any CPU
		Release|Any CPU = Release|Any CPU
	EndGlobalSection
	GlobalSection(ProjectConfigurationPlatforms) = postSolution
		{BB6895FF-D2C2-4A9C-AFA7-CD3D8AD38839}.Debug|Any CPU.ActiveCfg = Debug|Any CPU
		{BB6895FF-D2C2-4A9C-AFA7-CD3D8AD38839}.Debug|Any CPU.Build.0 = Debug|Any CPU
		{BB6895FF-D2C2-4A9C-AFA7-CD3D8AD38839}.Release|Any CPU.ActiveCfg = Release|Any CPU
		{BB6895FF-D2C2-4A9C-AFA7-CD3D8AD38839}.Release|Any CPU.Build.0 = Release|Any CPU
		{690CDEDC-BCA4-43C1-8889-6747C6EFDCE1}.Debug|Any CPU.ActiveCfg = Debug|Any CPU
		{690CDEDC-BCA4-43C1-8889-6747C6EFDCE1}.Debug|Any CPU.Build.0 = Debug|Any CPU
		{690CDEDC-BCA4-43C1-8889-6747C6EFDCE1}.Release|Any CPU.ActiveCfg = Release|Any CPU
		{690CDEDC-BCA4-43C1-8889-6747C6EFDCE1}.Release|Any CPU.Build.0 = Release|Any CPU
		{2B0E5319-6C80-450F-A770-229FA34964D0}.Debug|Any CPU.ActiveCfg = Debug|Any CPU
		{2B0E5319-6C80-450F-A770-229FA34964D0}.Debug|Any CPU.Build.0 = Debug|Any CPU
		{2B0E5319-6C80-450F-A770-229FA34964D0}.Release|Any CPU.ActiveCfg = Release|Any CPU
		{2B0E5319-6C80-450F-A770-229FA34964D0}.Release|Any CPU.Build.0 = Release|Any CPU
		{9FCF3F02-52B8-43DD-8A35-27A45600C1AC}.Debug|Any CPU.ActiveCfg = Debug|Any CPU
		{9FCF3F02-52B8-43DD-8A35-27A45600C1AC}.Debug|Any CPU.Build.0 = Debug|Any CPU
		{9FCF3F02-52B8-43DD-8A35-27A45600C1AC}.Release|Any CPU.ActiveCfg = Release|Any CPU
		{9FCF3F02-52B8-43DD-8A35-27A45600C1AC}.Release|Any CPU.Build.0 = Release|Any CPU
		{E60B623E-1FE7-4395-B7FE-EFBC122B37CA}.Debug|Any CPU.ActiveCfg = Debug|Any CPU
		{E60B623E-1FE7-4395-B7FE-EFBC122B37CA}.Debug|Any CPU.Build.0 = Debug|Any CPU
		{E60B623E-1FE7-4395-B7FE-EFBC122B37CA}.Release|Any CPU.ActiveCfg = Release|Any CPU
		{E60B623E-1FE7-4395-B7FE-EFBC122B37CA}.Release|Any CPU.Build.0 = Release|Any CPU
		{2D5B5D53-A36E-433A-A259-E21DCDC24315}.Debug|Any CPU.ActiveCfg = Debug|Any CPU
		{2D5B5D53-A36E-433A-A259-E21DCDC24315}.Debug|Any CPU.Build.0 = Debug|Any CPU
		{2D5B5D53-A36E-433A-A259-E21DCDC24315}.Release|Any CPU.ActiveCfg = Release|Any CPU
		{2D5B5D53-A36E-433A-A259-E21DCDC24315}.Release|Any CPU.Build.0 = Release|Any CPU
	EndGlobalSection
	GlobalSection(SolutionProperties) = preSolution
		HideSolutionNode = FALSE
	EndGlobalSection
	GlobalSection(ExtensibilityGlobals) = postSolution
		SolutionGuid = {8C622426-C3ED-474C-B8E7-BFCFB15E76E5}
	EndGlobalSection
EndGlobal
