
Microsoft Visual Studio Solution File, Format Version 12.00
# Visual Studio 15
VisualStudioVersion = 15.0.28010.2046
MinimumVisualStudioVersion = 10.0.40219.1
Project("{FAE04EC0-301F-11D3-BF4B-00C04F79EFBC}") = "Exercicio02", "Exercicio02\Exercicio02.csproj", "{F366507B-1717-4A1D-A755-9B602346F081}"
EndProject
Project("{FAE04EC0-301F-11D3-BF4B-00C04F79EFBC}") = "Exercicio05", "Exercicio05\Exercicio05.csproj", "{62468DF3-17DD-4F79-AC8D-E919165DF8BF}"
EndProject
Project("{FAE04EC0-301F-11D3-BF4B-00C04F79EFBC}") = "Exercicio03", "Exercicio03\Exercicio03.csproj", "{FE987FDE-22DF-4222-8707-0F947C8B161B}"
EndProject
Project("{FAE04EC0-301F-11D3-BF4B-00C04F79EFBC}") = "Exercicio04", "Exercicio04\Exercicio04.csproj", "{A868C05D-4CF5-4929-940B-D17E21F00722}"
EndProject
Project("{FAE04EC0-301F-11D3-BF4B-00C04F79EFBC}") = "Exercicio06", "Exercicio06\Exercicio06.csproj", "{F8847D65-5CCD-4E39-9192-395E11E38F95}"
EndProject
Project("{FAE04EC0-301F-11D3-BF4B-00C04F79EFBC}") = "Exercicio08", "Exercicio08\Exercicio08.csproj", "{27A10D07-58C9-4919-B2DD-F7F766661CD9}"
EndProject
Project("{FAE04EC0-301F-11D3-BF4B-00C04F79EFBC}") = "Exercicio09", "Exercicio09\Exercicio09.csproj", "{07DB195B-BEDE-44F0-A11F-4BC7D28B37E3}"
EndProject
Global
	GlobalSection(SolutionConfigurationPlatforms) = preSolution
		Debug|Any CPU = Debug|Any CPU
		Release|Any CPU = Release|Any CPU
	EndGlobalSection
	GlobalSection(ProjectConfigurationPlatforms) = postSolution
		{F366507B-1717-4A1D-A755-9B602346F081}.Debug|Any CPU.ActiveCfg = Debug|Any CPU
		{F366507B-1717-4A1D-A755-9B602346F081}.Debug|Any CPU.Build.0 = Debug|Any CPU
		{F366507B-1717-4A1D-A755-9B602346F081}.Release|Any CPU.ActiveCfg = Release|Any CPU
		{F366507B-1717-4A1D-A755-9B602346F081}.Release|Any CPU.Build.0 = Release|Any CPU
		{62468DF3-17DD-4F79-AC8D-E919165DF8BF}.Debug|Any CPU.ActiveCfg = Debug|Any CPU
		{62468DF3-17DD-4F79-AC8D-E919165DF8BF}.Debug|Any CPU.Build.0 = Debug|Any CPU
		{62468DF3-17DD-4F79-AC8D-E919165DF8BF}.Release|Any CPU.ActiveCfg = Release|Any CPU
		{62468DF3-17DD-4F79-AC8D-E919165DF8BF}.Release|Any CPU.Build.0 = Release|Any CPU
		{FE987FDE-22DF-4222-8707-0F947C8B161B}.Debug|Any CPU.ActiveCfg = Debug|Any CPU
		{FE987FDE-22DF-4222-8707-0F947C8B161B}.Debug|Any CPU.Build.0 = Debug|Any CPU
		{FE987FDE-22DF-4222-8707-0F947C8B161B}.Release|Any CPU.ActiveCfg = Release|Any CPU
		{FE987FDE-22DF-4222-8707-0F947C8B161B}.Release|Any CPU.Build.0 = Release|Any CPU
		{A868C05D-4CF5-4929-940B-D17E21F00722}.Debug|Any CPU.ActiveCfg = Debug|Any CPU
		{A868C05D-4CF5-4929-940B-D17E21F00722}.Debug|Any CPU.Build.0 = Debug|Any CPU
		{A868C05D-4CF5-4929-940B-D17E21F00722}.Release|Any CPU.ActiveCfg = Release|Any CPU
		{A868C05D-4CF5-4929-940B-D17E21F00722}.Release|Any CPU.Build.0 = Release|Any CPU
		{F8847D65-5CCD-4E39-9192-395E11E38F95}.Debug|Any CPU.ActiveCfg = Debug|Any CPU
		{F8847D65-5CCD-4E39-9192-395E11E38F95}.Debug|Any CPU.Build.0 = Debug|Any CPU
		{F8847D65-5CCD-4E39-9192-395E11E38F95}.Release|Any CPU.ActiveCfg = Release|Any CPU
		{F8847D65-5CCD-4E39-9192-395E11E38F95}.Release|Any CPU.Build.0 = Release|Any CPU
		{27A10D07-58C9-4919-B2DD-F7F766661CD9}.Debug|Any CPU.ActiveCfg = Debug|Any CPU
		{27A10D07-58C9-4919-B2DD-F7F766661CD9}.Debug|Any CPU.Build.0 = Debug|Any CPU
		{27A10D07-58C9-4919-B2DD-F7F766661CD9}.Release|Any CPU.ActiveCfg = Release|Any CPU
		{27A10D07-58C9-4919-B2DD-F7F766661CD9}.Release|Any CPU.Build.0 = Release|Any CPU
		{07DB195B-BEDE-44F0-A11F-4BC7D28B37E3}.Debug|Any CPU.ActiveCfg = Debug|Any CPU
		{07DB195B-BEDE-44F0-A11F-4BC7D28B37E3}.Debug|Any CPU.Build.0 = Debug|Any CPU
		{07DB195B-BEDE-44F0-A11F-4BC7D28B37E3}.Release|Any CPU.ActiveCfg = Release|Any CPU
		{07DB195B-BEDE-44F0-A11F-4BC7D28B37E3}.Release|Any CPU.Build.0 = Release|Any CPU
	EndGlobalSection
	GlobalSection(SolutionProperties) = preSolution
		HideSolutionNode = FALSE
	EndGlobalSection
	GlobalSection(ExtensibilityGlobals) = postSolution
		SolutionGuid = {8B892E3A-B296-4871-A62D-DCF23F8DFD46}
	EndGlobalSection
EndGlobal
